
Microsoft Visual Studio Solution File, Format Version 12.00
# Visual Studio 15
VisualStudioVersion = 15.0.28307.902
MinimumVisualStudioVersion = 10.0.40219.1
Project("{FAE04EC0-301F-11D3-BF4B-00C04F79EFBC}") = "WpfApp2", "WpfApp2\WpfApp2.csproj", "{A5707542-CD0B-4D9C-9FE6-CACB6647571E}"
EndProject
Global
	GlobalSection(SolutionConfigurationPlatforms) = preSolution
		Debug|Any CPU = Debug|Any CPU
		Release|Any CPU = Release|Any CPU
	EndGlobalSection
	GlobalSection(ProjectConfigurationPlatforms) = postSolution
		{A5707542-CD0B-4D9C-9FE6-CACB6647571E}.Debug|Any CPU.ActiveCfg = Debug|Any CPU
		{A5707542-CD0B-4D9C-9FE6-CACB6647571E}.Debug|Any CPU.Build.0 = Debug|Any CPU
		{A5707542-CD0B-4D9C-9FE6-CACB6647571E}.Release|Any CPU.ActiveCfg = Release|Any CPU
		{A5707542-CD0B-4D9C-9FE6-CACB6647571E}.Release|Any CPU.Build.0 = Release|Any CPU
	EndGlobalSection
	GlobalSection(SolutionProperties) = preSolution
		HideSolutionNode = FALSE
	EndGlobalSection
	GlobalSection(ExtensibilityGlobals) = postSolution
		SolutionGuid = {41055A5F-9FBD-4B02-8046-C3E6A5CAC2D3}
	EndGlobalSection
EndGlobal
